Microsoft Visual Studio Solution File, Format Version 12.00
# Visual Studio 15
Project("{8BC9CEB8-8B4A-11D0-8D11-00A0C91BC942}") = "ALL_BUILD", "ALL_BUILD.vcxproj", "{A4FAD8FC-644F-31D7-90F8-0777484660A3}"
	ProjectSection(ProjectDependencies) = postProject
		{DD5831F0-2200-3A18-8EB1-C7B9FCF59389} = {DD5831F0-2200-3A18-8EB1-C7B9FCF59389}
		{FADDB609-6BAB-3F40-A61E-9988CEAAC4D7} = {FADDB609-6BAB-3F40-A61E-9988CEAAC4D7}
		{8788EADF-E53E-3A46-9625-C91FE877634A} = {8788EADF-E53E-3A46-9625-C91FE877634A}
		{41F5925F-1C89-3A5E-866E-8A477A3DD649} = {41F5925F-1C89-3A5E-866E-8A477A3DD649}
		{480BE853-5E59-3BE6-870B-8F5B01780CD2} = {480BE853-5E59-3BE6-870B-8F5B01780CD2}
	EndProjectSection
EndProject
Project("{8BC9CEB8-8B4A-11D0-8D11-00A0C91BC942}") = "INSTALL", "INSTALL.vcxproj", "{4316868F-89A6-36C1-8793-AB81D215C0BE}"
	ProjectSection(ProjectDependencies) = postProject
		{A4FAD8FC-644F-31D7-90F8-0777484660A3} = {A4FAD8FC-644F-31D7-90F8-0777484660A3}
		{DD5831F0-2200-3A18-8EB1-C7B9FCF59389} = {DD5831F0-2200-3A18-8EB1-C7B9FCF59389}
	EndProjectSection
EndProject
Project("{8BC9CEB8-8B4A-11D0-8D11-00A0C91BC942}") = "ZERO_CHECK", "..\..\..\\ZERO_CHECK.vcxproj", "{DD5831F0-2200-3A18-8EB1-C7B9FCF59389}"
	ProjectSection(ProjectDependencies) = postProject
	EndProjectSection
EndProject
Project("{8BC9CEB8-8B4A-11D0-8D11-00A0C91BC942}") = "gmock", "gmock.vcxproj", "{FADDB609-6BAB-3F40-A61E-9988CEAAC4D7}"
	ProjectSection(ProjectDependencies) = postProject
		{DD5831F0-2200-3A18-8EB1-C7B9FCF59389} = {DD5831F0-2200-3A18-8EB1-C7B9FCF59389}
	EndProjectSection
EndProject
Project("{8BC9CEB8-8B4A-11D0-8D11-00A0C91BC942}") = "gmock_main", "gmock_main.vcxproj", "{8788EADF-E53E-3A46-9625-C91FE877634A}"
	ProjectSection(ProjectDependencies) = postProject
		{DD5831F0-2200-3A18-8EB1-C7B9FCF59389} = {DD5831F0-2200-3A18-8EB1-C7B9FCF59389}
	EndProjectSection
EndProject
Project("{8BC9CEB8-8B4A-11D0-8D11-00A0C91BC942}") = "gtest", "gtest\gtest.vcxproj", "{41F5925F-1C89-3A5E-866E-8A477A3DD649}"
	ProjectSection(ProjectDependencies) = postProject
		{DD5831F0-2200-3A18-8EB1-C7B9FCF59389} = {DD5831F0-2200-3A18-8EB1-C7B9FCF59389}
	EndProjectSection
EndProject
Project("{8BC9CEB8-8B4A-11D0-8D11-00A0C91BC942}") = "gtest_main", "gtest\gtest_main.vcxproj", "{480BE853-5E59-3BE6-870B-8F5B01780CD2}"
	ProjectSection(ProjectDependencies) = postProject
		{DD5831F0-2200-3A18-8EB1-C7B9FCF59389} = {DD5831F0-2200-3A18-8EB1-C7B9FCF59389}
		{41F5925F-1C89-3A5E-866E-8A477A3DD649} = {41F5925F-1C89-3A5E-866E-8A477A3DD649}
	EndProjectSection
EndProject
Global
	GlobalSection(SolutionConfigurationPlatforms) = preSolution
		Debug|Win32 = Debug|Win32
		Release|Win32 = Release|Win32
		MinSizeRel|Win32 = MinSizeRel|Win32
		RelWithDebInfo|Win32 = RelWithDebInfo|Win32
	EndGlobalSection
	GlobalSection(ProjectConfigurationPlatforms) = postSolution
		{A4FAD8FC-644F-31D7-90F8-0777484660A3}.Debug|Win32.ActiveCfg = Debug|Win32
		{A4FAD8FC-644F-31D7-90F8-0777484660A3}.Debug|Win32.Build.0 = Debug|Win32
		{A4FAD8FC-644F-31D7-90F8-0777484660A3}.Release|Win32.ActiveCfg = Release|Win32
		{A4FAD8FC-644F-31D7-90F8-0777484660A3}.Release|Win32.Build.0 = Release|Win32
		{A4FAD8FC-644F-31D7-90F8-0777484660A3}.MinSizeRel|Win32.ActiveCfg = MinSizeRel|Win32
		{A4FAD8FC-644F-31D7-90F8-0777484660A3}.MinSizeRel|Win32.Build.0 = MinSizeRel|Win32
		{A4FAD8FC-644F-31D7-90F8-0777484660A3}.RelWithDebInfo|Win32.ActiveCfg = RelWithDebInfo|Win32
		{A4FAD8FC-644F-31D7-90F8-0777484660A3}.RelWithDebInfo|Win32.Build.0 = RelWithDebInfo|Win32
		{4316868F-89A6-36C1-8793-AB81D215C0BE}.Debug|Win32.ActiveCfg = Debug|Win32
		{4316868F-89A6-36C1-8793-AB81D215C0BE}.Release|Win32.ActiveCfg = Release|Win32
		{4316868F-89A6-36C1-8793-AB81D215C0BE}.MinSizeRel|Win32.ActiveCfg = MinSizeRel|Win32
		{4316868F-89A6-36C1-8793-AB81D215C0BE}.RelWithDebInfo|Win32.ActiveCfg = RelWithDebInfo|Win32
		{DD5831F0-2200-3A18-8EB1-C7B9FCF59389}.Debug|Win32.ActiveCfg = Debug|Win32
		{DD5831F0-2200-3A18-8EB1-C7B9FCF59389}.Debug|Win32.Build.0 = Debug|Win32
		{DD5831F0-2200-3A18-8EB1-C7B9FCF59389}.Release|Win32.ActiveCfg = Release|Win32
		{DD5831F0-2200-3A18-8EB1-C7B9FCF59389}.Release|Win32.Build.0 = Release|Win32
		{DD5831F0-2200-3A18-8EB1-C7B9FCF59389}.MinSizeRel|Win32.ActiveCfg = MinSizeRel|Win32
		{DD5831F0-2200-3A18-8EB1-C7B9FCF59389}.MinSizeRel|Win32.Build.0 = MinSizeRel|Win32
		{DD5831F0-2200-3A18-8EB1-C7B9FCF59389}.RelWithDebInfo|Win32.ActiveCfg = RelWithDebInfo|Win32
		{DD5831F0-2200-3A18-8EB1-C7B9FCF59389}.RelWithDebInfo|Win32.Build.0 = RelWithDebInfo|Win32
		{FADDB609-6BAB-3F40-A61E-9988CEAAC4D7}.Debug|Win32.ActiveCfg = Debug|Win32
		{FADDB609-6BAB-3F40-A61E-9988CEAAC4D7}.Debug|Win32.Build.0 = Debug|Win32
		{FADDB609-6BAB-3F40-A61E-9988CEAAC4D7}.Release|Win32.ActiveCfg = Release|Win32
		{FADDB609-6BAB-3F40-A61E-9988CEAAC4D7}.Release|Win32.Build.0 = Release|Win32
		{FADDB609-6BAB-3F40-A61E-9988CEAAC4D7}.MinSizeRel|Win32.ActiveCfg = MinSizeRel|Win32
		{FADDB609-6BAB-3F40-A61E-9988CEAAC4D7}.MinSizeRel|Win32.Build.0 = MinSizeRel|Win32
		{FADDB609-6BAB-3F40-A61E-9988CEAAC4D7}.RelWithDebInfo|Win32.ActiveCfg = RelWithDebInfo|Win32
		{FADDB609-6BAB-3F40-A61E-9988CEAAC4D7}.RelWithDebInfo|Win32.Build.0 = RelWithDebInfo|Win32
		{8788EADF-E53E-3A46-9625-C91FE877634A}.Debug|Win32.ActiveCfg = Debug|Win32
		{8788EADF-E53E-3A46-9625-C91FE877634A}.Debug|Win32.Build.0 = Debug|Win32
		{8788EADF-E53E-3A46-9625-C91FE877634A}.Release|Win32.ActiveCfg = Release|Win32
		{8788EADF-E53E-3A46-9625-C91FE877634A}.Release|Win32.Build.0 = Release|Win32
		{8788EADF-E53E-3A46-9625-C91FE877634A}.MinSizeRel|Win32.ActiveCfg = MinSizeRel|Win32
		{8788EADF-E53E-3A46-9625-C91FE877634A}.MinSizeRel|Win32.Build.0 = MinSizeRel|Win32
		{8788EADF-E53E-3A46-9625-C91FE877634A}.RelWithDebInfo|Win32.ActiveCfg = RelWithDebInfo|Win32
		{8788EADF-E53E-3A46-9625-C91FE877634A}.RelWithDebInfo|Win32.Build.0 = RelWithDebInfo|Win32
		{41F5925F-1C89-3A5E-866E-8A477A3DD649}.Debug|Win32.ActiveCfg = Debug|Win32
		{41F5925F-1C89-3A5E-866E-8A477A3DD649}.Debug|Win32.Build.0 = Debug|Win32
		{41F5925F-1C89-3A5E-866E-8A477A3DD649}.Release|Win32.ActiveCfg = Release|Win32
		{41F5925F-1C89-3A5E-866E-8A477A3DD649}.Release|Win32.Build.0 = Release|Win32
		{41F5925F-1C89-3A5E-866E-8A477A3DD649}.MinSizeRel|Win32.ActiveCfg = MinSizeRel|Win32
		{41F5925F-1C89-3A5E-866E-8A477A3DD649}.MinSizeRel|Win32.Build.0 = MinSizeRel|Win32
		{41F5925F-1C89-3A5E-866E-8A477A3DD649}.RelWithDebInfo|Win32.ActiveCfg = RelWithDebInfo|Win32
		{41F5925F-1C89-3A5E-866E-8A477A3DD649}.RelWithDebInfo|Win32.Build.0 = RelWithDebInfo|Win32
		{480BE853-5E59-3BE6-870B-8F5B01780CD2}.Debug|Win32.ActiveCfg = Debug|Win32
		{480BE853-5E59-3BE6-870B-8F5B01780CD2}.Debug|Win32.Build.0 = Debug|Win32
		{480BE853-5E59-3BE6-870B-8F5B01780CD2}.Release|Win32.ActiveCfg = Release|Win32
		{480BE853-5E59-3BE6-870B-8F5B01780CD2}.Release|Win32.Build.0 = Release|Win32
		{480BE853-5E59-3BE6-870B-8F5B01780CD2}.MinSizeRel|Win32.ActiveCfg = MinSizeRel|Win32
		{480BE853-5E59-3BE6-870B-8F5B01780CD2}.MinSizeRel|Win32.Build.0 = MinSizeRel|Win32
		{480BE853-5E59-3BE6-870B-8F5B01780CD2}.RelWithDebInfo|Win32.ActiveCfg = RelWithDebInfo|Win32
		{480BE853-5E59-3BE6-870B-8F5B01780CD2}.RelWithDebInfo|Win32.Build.0 = RelWithDebInfo|Win32
	EndGlobalSection
	GlobalSection(ExtensibilityGlobals) = postSolution
		SolutionGuid = {910545FC-ED78-386F-92B2-86F87B7A3800}
	EndGlobalSection
	GlobalSection(ExtensibilityAddIns) = postSolution
	EndGlobalSection
EndGlobal
